
Microsoft Visual Studio Solution File, Format Version 12.00
# Visual Studio Version 16
VisualStudioVersion = 16.0.32126.315
MinimumVisualStudioVersion = 10.0.40219.1
Project("{9A19103F-16F7-4668-BE54-9A1E7A4F7556}") = "Adapter", "Adapter\Adapter.csproj", "{3B631ED1-89B7-4B29-83B6-B868D76AA897}"
EndProject
Project("{9A19103F-16F7-4668-BE54-9A1E7A4F7556}") = "App", "App\App.csproj", "{256EE1C6-605E-4965-B932-32E8ED59F7E3}"
EndProject
Project("{9A19103F-16F7-4668-BE54-9A1E7A4F7556}") = "ThirdPartyFilter", "ThirdPartyFilter\ThirdPartyFilter.csproj", "{81E780E2-FE3A-4A50-A241-CC1DD4CE63B3}"
EndProject
Project("{FAE04EC0-301F-11D3-BF4B-00C04F79EFBC}") = "Factory", "Factory\Factory.csproj", "{D240BD57-9AB4-4E6C-84FF-CF99F5F6D7A4}"
EndProject
Project("{FAE04EC0-301F-11D3-BF4B-00C04F79EFBC}") = "Source", "Source\Source.csproj", "{0416A1BB-8B49-47C6-8C99-D37F66E1455C}"
EndProject
Global
	GlobalSection(SolutionConfigurationPlatforms) = preSolution
		Debug|Any CPU = Debug|Any CPU
		Release|Any CPU = Release|Any CPU
	EndGlobalSection
	GlobalSection(ProjectConfigurationPlatforms) = postSolution
		{3B631ED1-89B7-4B29-83B6-B868D76AA897}.Debug|Any CPU.ActiveCfg = Debug|Any CPU
		{3B631ED1-89B7-4B29-83B6-B868D76AA897}.Debug|Any CPU.Build.0 = Debug|Any CPU
		{3B631ED1-89B7-4B29-83B6-B868D76AA897}.Release|Any CPU.ActiveCfg = Release|Any CPU
		{3B631ED1-89B7-4B29-83B6-B868D76AA897}.Release|Any CPU.Build.0 = Release|Any CPU
		{256EE1C6-605E-4965-B932-32E8ED59F7E3}.Debug|Any CPU.ActiveCfg = Debug|Any CPU
		{256EE1C6-605E-4965-B932-32E8ED59F7E3}.Debug|Any CPU.Build.0 = Debug|Any CPU
		{256EE1C6-605E-4965-B932-32E8ED59F7E3}.Release|Any CPU.ActiveCfg = Release|Any CPU
		{256EE1C6-605E-4965-B932-32E8ED59F7E3}.Release|Any CPU.Build.0 = Release|Any CPU
		{81E780E2-FE3A-4A50-A241-CC1DD4CE63B3}.Debug|Any CPU.ActiveCfg = Debug|Any CPU
		{81E780E2-FE3A-4A50-A241-CC1DD4CE63B3}.Debug|Any CPU.Build.0 = Debug|Any CPU
		{81E780E2-FE3A-4A50-A241-CC1DD4CE63B3}.Release|Any CPU.ActiveCfg = Release|Any CPU
		{81E780E2-FE3A-4A50-A241-CC1DD4CE63B3}.Release|Any CPU.Build.0 = Release|Any CPU
		{D240BD57-9AB4-4E6C-84FF-CF99F5F6D7A4}.Debug|Any CPU.ActiveCfg = Debug|Any CPU
		{D240BD57-9AB4-4E6C-84FF-CF99F5F6D7A4}.Debug|Any CPU.Build.0 = Debug|Any CPU
		{D240BD57-9AB4-4E6C-84FF-CF99F5F6D7A4}.Release|Any CPU.ActiveCfg = Release|Any CPU
		{D240BD57-9AB4-4E6C-84FF-CF99F5F6D7A4}.Release|Any CPU.Build.0 = Release|Any CPU
		{0416A1BB-8B49-47C6-8C99-D37F66E1455C}.Debug|Any CPU.ActiveCfg = Debug|Any CPU
		{0416A1BB-8B49-47C6-8C99-D37F66E1455C}.Debug|Any CPU.Build.0 = Debug|Any CPU
		{0416A1BB-8B49-47C6-8C99-D37F66E1455C}.Release|Any CPU.ActiveCfg = Release|Any CPU
		{0416A1BB-8B49-47C6-8C99-D37F66E1455C}.Release|Any CPU.Build.0 = Release|Any CPU
	EndGlobalSection
	GlobalSection(SolutionProperties) = preSolution
		HideSolutionNode = FALSE
	EndGlobalSection
	GlobalSection(ExtensibilityGlobals) = postSolution
		SolutionGuid = {937DE8EE-E7AE-42BA-8E69-64E1FC421747}
	EndGlobalSection
EndGlobal
